// !$*UTF8*$!
{
	archiveVersion = 1;
	classes = {
	};
	objectVersion = 46;
	objects = {

/* Begin PBXBuildFile section */
		A8026D8C1C9501EE00BC2337 /* oboe.csd in Resources */ = {isa = PBXBuildFile; fileRef = A8026D8B1C9501EE00BC2337 /* oboe.csd */; };
		A8026D8E1C95029A00BC2337 /* flute.csd in Resources */ = {isa = PBXBuildFile; fileRef = A8026D8D1C95029A00BC2337 /* flute.csd */; };
		A8313C931C39D7A40093A438 /* AppDelegate.swift in Sources */ = {isa = PBXBuildFile; fileRef = A8313C921C39D7A40093A438 /* AppDelegate.swift */; };
		A8313C951C39D7A40093A438 /* ViewController.swift in Sources */ = {isa = PBXBuildFile; fileRef = A8313C941C39D7A40093A438 /* ViewController.swift */; };
		A8313C981C39D7A50093A438 /* Main.storyboard in Resources */ = {isa = PBXBuildFile; fileRef = A8313C961C39D7A50093A438 /* Main.storyboard */; };
		A8313C9A1C39D7A50093A438 /* Assets.xcassets in Resources */ = {isa = PBXBuildFile; fileRef = A8313C991C39D7A50093A438 /* Assets.xcassets */; };
		A8313C9D1C39D7A50093A438 /* LaunchScreen.storyboard in Resources */ = {isa = PBXBuildFile; fileRef = A8313C9B1C39D7A50093A438 /* LaunchScreen.storyboard */; };
		A8313CA81C39D7A50093A438 /* CsoundBasic2Tests.swift in Sources */ = {isa = PBXBuildFile; fileRef = A8313CA71C39D7A50093A438 /* CsoundBasic2Tests.swift */; };
		A8313CB31C39D7A50093A438 /* CsoundBasic2UITests.swift in Sources */ = {isa = PBXBuildFile; fileRef = A8313CB21C39D7A50093A438 /* CsoundBasic2UITests.swift */; };
		A8313CE91C39D8B00093A438 /* orcandsco.csd in Resources */ = {isa = PBXBuildFile; fileRef = A8313CC21C39D8B00093A438 /* orcandsco.csd */; };
		A8313CEA1C39D8B00093A438 /* CsoundMIDI.m in Sources */ = {isa = PBXBuildFile; fileRef = A8313CE01C39D8B00093A438 /* CsoundMIDI.m */; };
		A8313CEB1C39D8B00093A438 /* CsoundObj.m in Sources */ = {isa = PBXBuildFile; fileRef = A8313CE21C39D8B00093A438 /* CsoundObj.m */; };
		A8313CEC1C39D8B00093A438 /* CsoundLib.framework in Frameworks */ = {isa = PBXBuildFile; fileRef = A8313CE41C39D8B00093A438 /* CsoundLib.framework */; };
		A8313CED1C39D8B00093A438 /* libsndfile.framework in Frameworks */ = {isa = PBXBuildFile; fileRef = A8313CE51C39D8B00093A438 /* libsndfile.framework */; };
		A8313CEF1C39D8B00093A438 /* run-script.sh in Resources */ = {isa = PBXBuildFile; fileRef = A8313CE81C39D8B00093A438 /* run-script.sh */; };
		A8313CF01C39D9BA0093A438 /* CsoundLib.framework in Frameworks */ = {isa = PBXBuildFile; fileRef = A8313CE41C39D8B00093A438 /* CsoundLib.framework */; };
		A8313CF11C39D9BA0093A438 /* CsoundLib.framework in Embed Frameworks */ = {isa = PBXBuildFile; fileRef = A8313CE41C39D8B00093A438 /* CsoundLib.framework */; settings = {ATTRIBUTES = (CodeSignOnCopy, RemoveHeadersOnCopy, ); }; };
		A8313CF21C39D9BA0093A438 /* libsndfile.framework in Frameworks */ = {isa = PBXBuildFile; fileRef = A8313CE51C39D8B00093A438 /* libsndfile.framework */; };
		A8313CF31C39D9BA0093A438 /* libsndfile.framework in Embed Frameworks */ = {isa = PBXBuildFile; fileRef = A8313CE51C39D8B00093A438 /* libsndfile.framework */; settings = {ATTRIBUTES = (CodeSignOnCopy, RemoveHeadersOnCopy, ); }; };
		A8313D141C39DF700093A438 /* BasicInstrument.swift in Sources */ = {isa = PBXBuildFile; fileRef = A8313D0E1C39DF700093A438 /* BasicInstrument.swift */; };
		A8313D151C39DF700093A438 /* DictionaryExtensions.swift in Sources */ = {isa = PBXBuildFile; fileRef = A8313D0F1C39DF700093A438 /* DictionaryExtensions.swift */; };
		A8313D161C39DF700093A438 /* Instrument.swift in Sources */ = {isa = PBXBuildFile; fileRef = A8313D111C39DF700093A438 /* Instrument.swift */; };
		A8313D171C39DF700093A438 /* PlainNote.swift in Sources */ = {isa = PBXBuildFile; fileRef = A8313D121C39DF700093A438 /* PlainNote.swift */; };
		A8313D181C39DF700093A438 /* Time.swift in Sources */ = {isa = PBXBuildFile; fileRef = A8313D131C39DF700093A438 /* Time.swift */; };
		A8313D1A1C39E2990093A438 /* csscript.csd in Resources */ = {isa = PBXBuildFile; fileRef = A8313D191C39E2990093A438 /* csscript.csd */; };
		A89EFAD61C9527A1000B9B15 /* MovingAverage.swift in Sources */ = {isa = PBXBuildFile; fileRef = A89EFAD51C9527A1000B9B15 /* MovingAverage.swift */; };
		A89EFAD81C953271000B9B15 /* Interpolator.swift in Sources */ = {isa = PBXBuildFile; fileRef = A89EFAD71C953271000B9B15 /* Interpolator.swift */; };
		A89EFADA1C9679CF000B9B15 /* sax.csd in Resources */ = {isa = PBXBuildFile; fileRef = A89EFAD91C9679CF000B9B15 /* sax.csd */; };
		A89EFADC1C967C2B000B9B15 /* horn.csd in Resources */ = {isa = PBXBuildFile; fileRef = A89EFADB1C967C2B000B9B15 /* horn.csd */; };
		A89EFADE1C9680E8000B9B15 /* trumpet.csd in Resources */ = {isa = PBXBuildFile; fileRef = A89EFADD1C9680E8000B9B15 /* trumpet.csd */; };
		A89EFAE01C96851B000B9B15 /* trombone.csd in Resources */ = {isa = PBXBuildFile; fileRef = A89EFADF1C96851B000B9B15 /* trombone.csd */; };
		A89EFAE21C96867C000B9B15 /* tuba.csd in Resources */ = {isa = PBXBuildFile; fileRef = A89EFAE11C96867C000B9B15 /* tuba.csd */; };
		A89EFAE41C968A6A000B9B15 /* clarinet.csd in Resources */ = {isa = PBXBuildFile; fileRef = A89EFAE31C968A6A000B9B15 /* clarinet.csd */; };
		A89EFAE61C9691BE000B9B15 /* enghorn.csd in Resources */ = {isa = PBXBuildFile; fileRef = A89EFAE51C9691BE000B9B15 /* enghorn.csd */; };
		A89EFAE81C969494000B9B15 /* flute-model.csd in Resources */ = {isa = PBXBuildFile; fileRef = A89EFAE71C969494000B9B15 /* flute-model.csd */; };
		A89EFAEA1C969676000B9B15 /* piccolo.csd in Resources */ = {isa = PBXBuildFile; fileRef = A89EFAE91C969676000B9B15 /* piccolo.csd */; };
		A89EFAEC1C96996A000B9B15 /* bassoon.csd in Resources */ = {isa = PBXBuildFile; fileRef = A89EFAEB1C96996A000B9B15 /* bassoon.csd */; };
		A89EFAEE1C969AD3000B9B15 /* bassclar.csd in Resources */ = {isa = PBXBuildFile; fileRef = A89EFAED1C969AD3000B9B15 /* bassclar.csd */; };
		A89EFAF01C969C7F000B9B15 /* cbassoon.csd in Resources */ = {isa = PBXBuildFile; fileRef = A89EFAEF1C969C7F000B9B15 /* cbassoon.csd */; };
/* End PBXBuildFile section */

/* Begin PBXContainerItemProxy section */
		A8313CA41C39D7A50093A438 /* PBXContainerItemProxy */ = {
			isa = PBXContainerItemProxy;
			containerPortal = A8313C871C39D7A40093A438 /* Project object */;
			proxyType = 1;
			remoteGlobalIDString = A8313C8E1C39D7A40093A438;
			remoteInfo = CsoundBasic2;
		};
		A8313CAF1C39D7A50093A438 /* PBXContainerItemProxy */ = {
			isa = PBXContainerItemProxy;
			containerPortal = A8313C871C39D7A40093A438 /* Project object */;
			proxyType = 1;
			remoteGlobalIDString = A8313C8E1C39D7A40093A438;
			remoteInfo = CsoundBasic2;
		};
/* End PBXContainerItemProxy section */

/* Begin PBXCopyFilesBuildPhase section */
		A8313CF41C39D9BA0093A438 /* Embed Frameworks */ = {
			isa = PBXCopyFilesBuildPhase;
			buildActionMask = 2147483647;
			dstPath = "";
			dstSubfolderSpec = 10;
			files = (
				A8313CF31C39D9BA0093A438 /* libsndfile.framework in Embed Frameworks */,
				A8313CF11C39D9BA0093A438 /* CsoundLib.framework in Embed Frameworks */,
			);
			name = "Embed Frameworks";
			runOnlyForDeploymentPostprocessing = 0;
		};
/* End PBXCopyFilesBuildPhase section */

/* Begin PBXFileReference section */
		A8026D8B1C9501EE00BC2337 /* oboe.csd */ = {isa = PBXFileReference; fileEncoding = 4; lastKnownFileType = text; path = oboe.csd; sourceTree = "<group>"; };
		A8026D8D1C95029A00BC2337 /* flute.csd */ = {isa = PBXFileReference; fileEncoding = 4; lastKnownFileType = text; path = flute.csd; sourceTree = "<group>"; };
		A8313C8F1C39D7A40093A438 /* CsoundBasic2.app */ = {isa = PBXFileReference; explicitFileType = wrapper.application; includeInIndex = 0; path = CsoundBasic2.app; sourceTree = BUILT_PRODUCTS_DIR; };
		A8313C921C39D7A40093A438 /* AppDelegate.swift */ = {isa = PBXFileReference; lastKnownFileType = sourcecode.swift; path = AppDelegate.swift; sourceTree = "<group>"; };
		A8313C941C39D7A40093A438 /* ViewController.swift */ = {isa = PBXFileReference; lastKnownFileType = sourcecode.swift; path = ViewController.swift; sourceTree = "<group>"; };
		A8313C971C39D7A50093A438 /* Base */ = {isa = PBXFileReference; lastKnownFileType = file.storyboard; name = Base; path = Base.lproj/Main.storyboard; sourceTree = "<group>"; };
		A8313C991C39D7A50093A438 /* Assets.xcassets */ = {isa = PBXFileReference; lastKnownFileType = folder.assetcatalog; path = Assets.xcassets; sourceTree = "<group>"; };
		A8313C9C1C39D7A50093A438 /* Base */ = {isa = PBXFileReference; lastKnownFileType = file.storyboard; name = Base; path = Base.lproj/LaunchScreen.storyboard; sourceTree = "<group>"; };
		A8313C9E1C39D7A50093A438 /* Info.plist */ = {isa = PBXFileReference; lastKnownFileType = text.plist.xml; path = Info.plist; sourceTree = "<group>"; };
		A8313CA31C39D7A50093A438 /* CsoundBasic2Tests.xctest */ = {isa = PBXFileReference; explicitFileType = wrapper.cfbundle; includeInIndex = 0; path = CsoundBasic2Tests.xctest; sourceTree = BUILT_PRODUCTS_DIR; };
		A8313CA71C39D7A50093A438 /* CsoundBasic2Tests.swift */ = {isa = PBXFileReference; lastKnownFileType = sourcecode.swift; path = CsoundBasic2Tests.swift; sourceTree = "<group>"; };
		A8313CA91C39D7A50093A438 /* Info.plist */ = {isa = PBXFileReference; lastKnownFileType = text.plist.xml; path = Info.plist; sourceTree = "<group>"; };
		A8313CAE1C39D7A50093A438 /* CsoundBasic2UITests.xctest */ = {isa = PBXFileReference; explicitFileType = wrapper.cfbundle; includeInIndex = 0; path = CsoundBasic2UITests.xctest; sourceTree = BUILT_PRODUCTS_DIR; };
		A8313CB21C39D7A50093A438 /* CsoundBasic2UITests.swift */ = {isa = PBXFileReference; lastKnownFileType = sourcecode.swift; path = CsoundBasic2UITests.swift; sourceTree = "<group>"; };
		A8313CB41C39D7A50093A438 /* Info.plist */ = {isa = PBXFileReference; lastKnownFileType = text.plist.xml; path = Info.plist; sourceTree = "<group>"; };
		A8313CC21C39D8B00093A438 /* orcandsco.csd */ = {isa = PBXFileReference; fileEncoding = 4; lastKnownFileType = text; path = orcandsco.csd; sourceTree = "<group>"; };
		A8313CC41C39D8B00093A438 /* cfgvar.h */ = {isa = PBXFileReference; fileEncoding = 4; lastKnownFileType = sourcecode.c.h; path = cfgvar.h; sourceTree = "<group>"; };
		A8313CC51C39D8B00093A438 /* CppSound.hpp */ = {isa = PBXFileReference; fileEncoding = 4; lastKnownFileType = sourcecode.cpp.h; path = CppSound.hpp; sourceTree = "<group>"; };
		A8313CC61C39D8B00093A438 /* cs_par_structs.h */ = {isa = PBXFileReference; fileEncoding = 4; lastKnownFileType = sourcecode.c.h; path = cs_par_structs.h; sourceTree = "<group>"; };
		A8313CC71C39D8B00093A438 /* cscore.h */ = {isa = PBXFileReference; fileEncoding = 4; lastKnownFileType = sourcecode.c.h; path = cscore.h; sourceTree = "<group>"; };
		A8313CC81C39D8B00093A438 /* csdebug.h */ = {isa = PBXFileReference; fileEncoding = 4; lastKnownFileType = sourcecode.c.h; path = csdebug.h; sourceTree = "<group>"; };
		A8313CC91C39D8B00093A438 /* csdl.h */ = {isa = PBXFileReference; fileEncoding = 4; lastKnownFileType = sourcecode.c.h; path = csdl.h; sourceTree = "<group>"; };
		A8313CCA1C39D8B00093A438 /* csound.h */ = {isa = PBXFileReference; fileEncoding = 4; lastKnownFileType = sourcecode.c.h; path = csound.h; sourceTree = "<group>"; };
		A8313CCB1C39D8B00093A438 /* csound.hpp */ = {isa = PBXFileReference; fileEncoding = 4; lastKnownFileType = sourcecode.cpp.h; path = csound.hpp; sourceTree = "<group>"; };
		A8313CCC1C39D8B00093A438 /* csound_data_structures.h */ = {isa = PBXFileReference; fileEncoding = 4; lastKnownFileType = sourcecode.c.h; path = csound_data_structures.h; sourceTree = "<group>"; };
		A8313CCD1C39D8B00093A438 /* csound_standard_types.h */ = {isa = PBXFileReference; fileEncoding = 4; lastKnownFileType = sourcecode.c.h; path = csound_standard_types.h; sourceTree = "<group>"; };
		A8313CCE1C39D8B00093A438 /* csound_type_system.h */ = {isa = PBXFileReference; fileEncoding = 4; lastKnownFileType = sourcecode.c.h; path = csound_type_system.h; sourceTree = "<group>"; };
		A8313CCF1C39D8B00093A438 /* csoundCore.h */ = {isa = PBXFileReference; fileEncoding = 4; lastKnownFileType = sourcecode.c.h; path = csoundCore.h; sourceTree = "<group>"; };
		A8313CD01C39D8B00093A438 /* CsoundFile.hpp */ = {isa = PBXFileReference; fileEncoding = 4; lastKnownFileType = sourcecode.cpp.h; path = CsoundFile.hpp; sourceTree = "<group>"; };
		A8313CD11C39D8B00093A438 /* csPerfThread.hpp */ = {isa = PBXFileReference; fileEncoding = 4; lastKnownFileType = sourcecode.cpp.h; path = csPerfThread.hpp; sourceTree = "<group>"; };
		A8313CD21C39D8B00093A438 /* cwindow.h */ = {isa = PBXFileReference; fileEncoding = 4; lastKnownFileType = sourcecode.c.h; path = cwindow.h; sourceTree = "<group>"; };
		A8313CD31C39D8B00093A438 /* filebuilding.h */ = {isa = PBXFileReference; fileEncoding = 4; lastKnownFileType = sourcecode.c.h; path = filebuilding.h; sourceTree = "<group>"; };
		A8313CD41C39D8B00093A438 /* float-version.h */ = {isa = PBXFileReference; fileEncoding = 4; lastKnownFileType = sourcecode.c.h; path = "float-version.h"; sourceTree = "<group>"; };
		A8313CD51C39D8B00093A438 /* interlocks.h */ = {isa = PBXFileReference; fileEncoding = 4; lastKnownFileType = sourcecode.c.h; path = interlocks.h; sourceTree = "<group>"; };
		A8313CD61C39D8B00093A438 /* msg_attr.h */ = {isa = PBXFileReference; fileEncoding = 4; lastKnownFileType = sourcecode.c.h; path = msg_attr.h; sourceTree = "<group>"; };
		A8313CD71C39D8B00093A438 /* OpcodeBase.hpp */ = {isa = PBXFileReference; fileEncoding = 4; lastKnownFileType = sourcecode.cpp.h; path = OpcodeBase.hpp; sourceTree = "<group>"; };
		A8313CD81C39D8B00093A438 /* pools.h */ = {isa = PBXFileReference; fileEncoding = 4; lastKnownFileType = sourcecode.c.h; path = pools.h; sourceTree = "<group>"; };
		A8313CD91C39D8B00093A438 /* pstream.h */ = {isa = PBXFileReference; fileEncoding = 4; lastKnownFileType = sourcecode.c.h; path = pstream.h; sourceTree = "<group>"; };
		A8313CDA1C39D8B00093A438 /* pvfileio.h */ = {isa = PBXFileReference; fileEncoding = 4; lastKnownFileType = sourcecode.c.h; path = pvfileio.h; sourceTree = "<group>"; };
		A8313CDB1C39D8B00093A438 /* soundio.h */ = {isa = PBXFileReference; fileEncoding = 4; lastKnownFileType = sourcecode.c.h; path = soundio.h; sourceTree = "<group>"; };
		A8313CDC1C39D8B00093A438 /* sysdep.h */ = {isa = PBXFileReference; fileEncoding = 4; lastKnownFileType = sourcecode.c.h; path = sysdep.h; sourceTree = "<group>"; };
		A8313CDD1C39D8B00093A438 /* text.h */ = {isa = PBXFileReference; fileEncoding = 4; lastKnownFileType = sourcecode.c.h; path = text.h; sourceTree = "<group>"; };
		A8313CDE1C39D8B00093A438 /* version.h */ = {isa = PBXFileReference; fileEncoding = 4; lastKnownFileType = sourcecode.c.h; path = version.h; sourceTree = "<group>"; };
		A8313CDF1C39D8B00093A438 /* CsoundMIDI.h */ = {isa = PBXFileReference; fileEncoding = 4; lastKnownFileType = sourcecode.c.h; path = CsoundMIDI.h; sourceTree = "<group>"; };
		A8313CE01C39D8B00093A438 /* CsoundMIDI.m */ = {isa = PBXFileReference; fileEncoding = 4; lastKnownFileType = sourcecode.c.objc; path = CsoundMIDI.m; sourceTree = "<group>"; };
		A8313CE11C39D8B00093A438 /* CsoundObj.h */ = {isa = PBXFileReference; fileEncoding = 4; lastKnownFileType = sourcecode.c.h; path = CsoundObj.h; sourceTree = "<group>"; };
		A8313CE21C39D8B00093A438 /* CsoundObj.m */ = {isa = PBXFileReference; fileEncoding = 4; lastKnownFileType = sourcecode.c.objc; path = CsoundObj.m; sourceTree = "<group>"; };
		A8313CE41C39D8B00093A438 /* CsoundLib.framework */ = {isa = PBXFileReference; lastKnownFileType = wrapper.framework; path = CsoundLib.framework; sourceTree = "<group>"; };
		A8313CE51C39D8B00093A438 /* libsndfile.framework */ = {isa = PBXFileReference; lastKnownFileType = wrapper.framework; path = libsndfile.framework; sourceTree = "<group>"; };
		A8313CE61C39D8B00093A438 /* ObjcBridge.h */ = {isa = PBXFileReference; fileEncoding = 4; lastKnownFileType = sourcecode.c.h; path = ObjcBridge.h; sourceTree = "<group>"; };
		A8313CE71C39D8B00093A438 /* README.md */ = {isa = PBXFileReference; fileEncoding = 4; lastKnownFileType = net.daringfireball.markdown; path = README.md; sourceTree = "<group>"; };
		A8313CE81C39D8B00093A438 /* run-script.sh */ = {isa = PBXFileReference; fileEncoding = 4; lastKnownFileType = text.script.sh; path = "run-script.sh"; sourceTree = "<group>"; };
		A8313D0E1C39DF700093A438 /* BasicInstrument.swift */ = {isa = PBXFileReference; fileEncoding = 4; lastKnownFileType = sourcecode.swift; path = BasicInstrument.swift; sourceTree = "<group>"; };
		A8313D0F1C39DF700093A438 /* DictionaryExtensions.swift */ = {isa = PBXFileReference; fileEncoding = 4; lastKnownFileType = sourcecode.swift; path = DictionaryExtensions.swift; sourceTree = "<group>"; };
		A8313D111C39DF700093A438 /* Instrument.swift */ = {isa = PBXFileReference; fileEncoding = 4; lastKnownFileType = sourcecode.swift; path = Instrument.swift; sourceTree = "<group>"; };
		A8313D121C39DF700093A438 /* PlainNote.swift */ = {isa = PBXFileReference; fileEncoding = 4; lastKnownFileType = sourcecode.swift; path = PlainNote.swift; sourceTree = "<group>"; };
		A8313D131C39DF700093A438 /* Time.swift */ = {isa = PBXFileReference; fileEncoding = 4; lastKnownFileType = sourcecode.swift; path = Time.swift; sourceTree = "<group>"; };
		A8313D191C39E2990093A438 /* csscript.csd */ = {isa = PBXFileReference; fileEncoding = 4; lastKnownFileType = text; path = csscript.csd; sourceTree = "<group>"; };
		A89EFAD51C9527A1000B9B15 /* MovingAverage.swift */ = {isa = PBXFileReference; fileEncoding = 4; lastKnownFileType = sourcecode.swift; path = MovingAverage.swift; sourceTree = "<group>"; };
		A89EFAD71C953271000B9B15 /* Interpolator.swift */ = {isa = PBXFileReference; fileEncoding = 4; lastKnownFileType = sourcecode.swift; path = Interpolator.swift; sourceTree = "<group>"; };
		A89EFAD91C9679CF000B9B15 /* sax.csd */ = {isa = PBXFileReference; fileEncoding = 4; lastKnownFileType = text; path = sax.csd; sourceTree = "<group>"; };
		A89EFADB1C967C2B000B9B15 /* horn.csd */ = {isa = PBXFileReference; fileEncoding = 4; lastKnownFileType = text; path = horn.csd; sourceTree = "<group>"; };
		A89EFADD1C9680E8000B9B15 /* trumpet.csd */ = {isa = PBXFileReference; fileEncoding = 4; lastKnownFileType = text; path = trumpet.csd; sourceTree = "<group>"; };
		A89EFADF1C96851B000B9B15 /* trombone.csd */ = {isa = PBXFileReference; fileEncoding = 4; lastKnownFileType = text; path = trombone.csd; sourceTree = "<group>"; };
		A89EFAE11C96867C000B9B15 /* tuba.csd */ = {isa = PBXFileReference; fileEncoding = 4; lastKnownFileType = text; path = tuba.csd; sourceTree = "<group>"; };
		A89EFAE31C968A6A000B9B15 /* clarinet.csd */ = {isa = PBXFileReference; fileEncoding = 4; lastKnownFileType = text; path = clarinet.csd; sourceTree = "<group>"; };
		A89EFAE51C9691BE000B9B15 /* enghorn.csd */ = {isa = PBXFileReference; fileEncoding = 4; lastKnownFileType = text; path = enghorn.csd; sourceTree = "<group>"; };
		A89EFAE71C969494000B9B15 /* flute-model.csd */ = {isa = PBXFileReference; fileEncoding = 4; lastKnownFileType = text; path = "flute-model.csd"; sourceTree = "<group>"; };
		A89EFAE91C969676000B9B15 /* piccolo.csd */ = {isa = PBXFileReference; fileEncoding = 4; lastKnownFileType = text; path = piccolo.csd; sourceTree = "<group>"; };
		A89EFAEB1C96996A000B9B15 /* bassoon.csd */ = {isa = PBXFileReference; fileEncoding = 4; lastKnownFileType = text; path = bassoon.csd; sourceTree = "<group>"; };
		A89EFAED1C969AD3000B9B15 /* bassclar.csd */ = {isa = PBXFileReference; fileEncoding = 4; lastKnownFileType = text; path = bassclar.csd; sourceTree = "<group>"; };
		A89EFAEF1C969C7F000B9B15 /* cbassoon.csd */ = {isa = PBXFileReference; fileEncoding = 4; lastKnownFileType = text; path = cbassoon.csd; sourceTree = "<group>"; };
/* End PBXFileReference section */

/* Begin PBXFrameworksBuildPhase section */
		A8313C8C1C39D7A40093A438 /* Frameworks */ = {
			isa = PBXFrameworksBuildPhase;
			buildActionMask = 2147483647;
			files = (
				A8313CF21C39D9BA0093A438 /* libsndfile.framework in Frameworks */,
				A8313CF01C39D9BA0093A438 /* CsoundLib.framework in Frameworks */,
				A8313CED1C39D8B00093A438 /* libsndfile.framework in Frameworks */,
				A8313CEC1C39D8B00093A438 /* CsoundLib.framework in Frameworks */,
			);
			runOnlyForDeploymentPostprocessing = 0;
		};
		A8313CA01C39D7A50093A438 /* Frameworks */ = {
			isa = PBXFrameworksBuildPhase;
			buildActionMask = 2147483647;
			files = (
			);
			runOnlyForDeploymentPostprocessing = 0;
		};
		A8313CAB1C39D7A50093A438 /* Frameworks */ = {
			isa = PBXFrameworksBuildPhase;
			buildActionMask = 2147483647;
			files = (
			);
			runOnlyForDeploymentPostprocessing = 0;
		};
/* End PBXFrameworksBuildPhase section */

/* Begin PBXGroup section */
		A8026D8A1C9501EE00BC2337 /* Instruments */ = {
			isa = PBXGroup;
			children = (
				A8026D8D1C95029A00BC2337 /* flute.csd */,
				A89EFAE91C969676000B9B15 /* piccolo.csd */,
				A89EFAE71C969494000B9B15 /* flute-model.csd */,
				A8026D8B1C9501EE00BC2337 /* oboe.csd */,
				A89EFAD91C9679CF000B9B15 /* sax.csd */,
				A89EFADB1C967C2B000B9B15 /* horn.csd */,
				A89EFADD1C9680E8000B9B15 /* trumpet.csd */,
				A89EFADF1C96851B000B9B15 /* trombone.csd */,
				A89EFAE11C96867C000B9B15 /* tuba.csd */,
				A89EFAE31C968A6A000B9B15 /* clarinet.csd */,
				A89EFAE51C9691BE000B9B15 /* enghorn.csd */,
				A89EFAEB1C96996A000B9B15 /* bassoon.csd */,
				A89EFAEF1C969C7F000B9B15 /* cbassoon.csd */,
				A89EFAED1C969AD3000B9B15 /* bassclar.csd */,
			);
			path = Instruments;
			sourceTree = "<group>";
		};
		A8313C861C39D7A40093A438 = {
			isa = PBXGroup;
			children = (
				A8313C911C39D7A40093A438 /* CsoundBasic2 */,
				A8313CA61C39D7A50093A438 /* CsoundBasic2Tests */,
				A8313CB11C39D7A50093A438 /* CsoundBasic2UITests */,
				A8313C901C39D7A40093A438 /* Products */,
			);
			sourceTree = "<group>";
		};
		A8313C901C39D7A40093A438 /* Products */ = {
			isa = PBXGroup;
			children = (
				A8313C8F1C39D7A40093A438 /* CsoundBasic2.app */,
				A8313CA31C39D7A50093A438 /* CsoundBasic2Tests.xctest */,
				A8313CAE1C39D7A50093A438 /* CsoundBasic2UITests.xctest */,
			);
			name = Products;
			sourceTree = "<group>";
		};
		A8313C911C39D7A40093A438 /* CsoundBasic2 */ = {
			isa = PBXGroup;
			children = (
				A8026D8A1C9501EE00BC2337 /* Instruments */,
				A8313D0D1C39DF700093A438 /* foundation */,
				A8313CC01C39D8B00093A438 /* CsoundIos */,
				A8313C921C39D7A40093A438 /* AppDelegate.swift */,
				A8313C941C39D7A40093A438 /* ViewController.swift */,
				A8313C961C39D7A50093A438 /* Main.storyboard */,
				A8313C991C39D7A50093A438 /* Assets.xcassets */,
				A8313C9B1C39D7A50093A438 /* LaunchScreen.storyboard */,
				A8313C9E1C39D7A50093A438 /* Info.plist */,
				A8313D191C39E2990093A438 /* csscript.csd */,
			);
			path = CsoundBasic2;
			sourceTree = "<group>";
		};
		A8313CA61C39D7A50093A438 /* CsoundBasic2Tests */ = {
			isa = PBXGroup;
			children = (
				A8313CA71C39D7A50093A438 /* CsoundBasic2Tests.swift */,
				A8313CA91C39D7A50093A438 /* Info.plist */,
			);
			path = CsoundBasic2Tests;
			sourceTree = "<group>";
		};
		A8313CB11C39D7A50093A438 /* CsoundBasic2UITests */ = {
			isa = PBXGroup;
			children = (
				A8313CB21C39D7A50093A438 /* CsoundBasic2UITests.swift */,
				A8313CB41C39D7A50093A438 /* Info.plist */,
			);
			path = CsoundBasic2UITests;
			sourceTree = "<group>";
		};
		A8313CC01C39D8B00093A438 /* CsoundIos */ = {
			isa = PBXGroup;
			children = (
				A8313CC11C39D8B00093A438 /* csd */,
				A8313CC31C39D8B00093A438 /* csound */,
				A8313CDF1C39D8B00093A438 /* CsoundMIDI.h */,
				A8313CE01C39D8B00093A438 /* CsoundMIDI.m */,
				A8313CE11C39D8B00093A438 /* CsoundObj.h */,
				A8313CE21C39D8B00093A438 /* CsoundObj.m */,
				A8313CE31C39D8B00093A438 /* lib */,
				A8313CE61C39D8B00093A438 /* ObjcBridge.h */,
				A8313CE71C39D8B00093A438 /* README.md */,
				A8313CE81C39D8B00093A438 /* run-script.sh */,
			);
			path = CsoundIos;
			sourceTree = "<group>";
		};
		A8313CC11C39D8B00093A438 /* csd */ = {
			isa = PBXGroup;
			children = (
				A8313CC21C39D8B00093A438 /* orcandsco.csd */,
			);
			path = csd;
			sourceTree = "<group>";
		};
		A8313CC31C39D8B00093A438 /* csound */ = {
			isa = PBXGroup;
			children = (
				A8313CC41C39D8B00093A438 /* cfgvar.h */,
				A8313CC51C39D8B00093A438 /* CppSound.hpp */,
				A8313CC61C39D8B00093A438 /* cs_par_structs.h */,
				A8313CC71C39D8B00093A438 /* cscore.h */,
				A8313CC81C39D8B00093A438 /* csdebug.h */,
				A8313CC91C39D8B00093A438 /* csdl.h */,
				A8313CCA1C39D8B00093A438 /* csound.h */,
				A8313CCB1C39D8B00093A438 /* csound.hpp */,
				A8313CCC1C39D8B00093A438 /* csound_data_structures.h */,
				A8313CCD1C39D8B00093A438 /* csound_standard_types.h */,
				A8313CCE1C39D8B00093A438 /* csound_type_system.h */,
				A8313CCF1C39D8B00093A438 /* csoundCore.h */,
				A8313CD01C39D8B00093A438 /* CsoundFile.hpp */,
				A8313CD11C39D8B00093A438 /* csPerfThread.hpp */,
				A8313CD21C39D8B00093A438 /* cwindow.h */,
				A8313CD31C39D8B00093A438 /* filebuilding.h */,
				A8313CD41C39D8B00093A438 /* float-version.h */,
				A8313CD51C39D8B00093A438 /* interlocks.h */,
				A8313CD61C39D8B00093A438 /* msg_attr.h */,
				A8313CD71C39D8B00093A438 /* OpcodeBase.hpp */,
				A8313CD81C39D8B00093A438 /* pools.h */,
				A8313CD91C39D8B00093A438 /* pstream.h */,
				A8313CDA1C39D8B00093A438 /* pvfileio.h */,
				A8313CDB1C39D8B00093A438 /* soundio.h */,
				A8313CDC1C39D8B00093A438 /* sysdep.h */,
				A8313CDD1C39D8B00093A438 /* text.h */,
				A8313CDE1C39D8B00093A438 /* version.h */,
			);
			path = csound;
			sourceTree = "<group>";
		};
		A8313CE31C39D8B00093A438 /* lib */ = {
			isa = PBXGroup;
			children = (
				A8313CE41C39D8B00093A438 /* CsoundLib.framework */,
				A8313CE51C39D8B00093A438 /* libsndfile.framework */,
			);
			path = lib;
			sourceTree = "<group>";
		};
		A8313D0D1C39DF700093A438 /* foundation */ = {
			isa = PBXGroup;
			children = (
				A8313D0E1C39DF700093A438 /* BasicInstrument.swift */,
				A8313D0F1C39DF700093A438 /* DictionaryExtensions.swift */,
				A8313D111C39DF700093A438 /* Instrument.swift */,
				A8313D121C39DF700093A438 /* PlainNote.swift */,
				A8313D131C39DF700093A438 /* Time.swift */,
				A89EFAD51C9527A1000B9B15 /* MovingAverage.swift */,
				A89EFAD71C953271000B9B15 /* Interpolator.swift */,
			);
			name = foundation;
			path = ../../../foundation;
			sourceTree = "<group>";
		};
/* End PBXGroup section */

/* Begin PBXNativeTarget section */
		A8313C8E1C39D7A40093A438 /* CsoundBasic2 */ = {
			isa = PBXNativeTarget;
			buildConfigurationList = A8313CB71C39D7A50093A438 /* Build configuration list for PBXNativeTarget "CsoundBasic2" */;
			buildPhases = (
				A8313C8B1C39D7A40093A438 /* Sources */,
				A8313C8C1C39D7A40093A438 /* Frameworks */,
				A8313C8D1C39D7A40093A438 /* Resources */,
				A8313CF41C39D9BA0093A438 /* Embed Frameworks */,
				A8313CF51C39D9D10093A438 /* Run Script */,
			);
			buildRules = (
			);
			dependencies = (
			);
			name = CsoundBasic2;
			productName = CsoundBasic2;
			productReference = A8313C8F1C39D7A40093A438 /* CsoundBasic2.app */;
			productType = "com.apple.product-type.application";
		};
		A8313CA21C39D7A50093A438 /* CsoundBasic2Tests */ = {
			isa = PBXNativeTarget;
			buildConfigurationList = A8313CBA1C39D7A50093A438 /* Build configuration list for PBXNativeTarget "CsoundBasic2Tests" */;
			buildPhases = (
				A8313C9F1C39D7A50093A438 /* Sources */,
				A8313CA01C39D7A50093A438 /* Frameworks */,
				A8313CA11C39D7A50093A438 /* Resources */,
			);
			buildRules = (
			);
			dependencies = (
				A8313CA51C39D7A50093A438 /* PBXTargetDependency */,
			);
			name = CsoundBasic2Tests;
			productName = CsoundBasic2Tests;
			productReference = A8313CA31C39D7A50093A438 /* CsoundBasic2Tests.xctest */;
			productType = "com.apple.product-type.bundle.unit-test";
		};
		A8313CAD1C39D7A50093A438 /* CsoundBasic2UITests */ = {
			isa = PBXNativeTarget;
			buildConfigurationList = A8313CBD1C39D7A50093A438 /* Build configuration list for PBXNativeTarget "CsoundBasic2UITests" */;
			buildPhases = (
				A8313CAA1C39D7A50093A438 /* Sources */,
				A8313CAB1C39D7A50093A438 /* Frameworks */,
				A8313CAC1C39D7A50093A438 /* Resources */,
			);
			buildRules = (
			);
			dependencies = (
				A8313CB01C39D7A50093A438 /* PBXTargetDependency */,
			);
			name = CsoundBasic2UITests;
			productName = CsoundBasic2UITests;
			productReference = A8313CAE1C39D7A50093A438 /* CsoundBasic2UITests.xctest */;
			productType = "com.apple.product-type.bundle.ui-testing";
		};
/* End PBXNativeTarget section */

/* Begin PBXProject section */
		A8313C871C39D7A40093A438 /* Project object */ = {
			isa = PBXProject;
			attributes = {
				LastSwiftUpdateCheck = 0720;
				LastUpgradeCheck = 0720;
				ORGANIZATIONNAME = "Carlos Millan";
				TargetAttributes = {
					A8313C8E1C39D7A40093A438 = {
						CreatedOnToolsVersion = 7.2;
						DevelopmentTeam = 49FM8DE5C4;
					};
					A8313CA21C39D7A50093A438 = {
						CreatedOnToolsVersion = 7.2;
						TestTargetID = A8313C8E1C39D7A40093A438;
					};
					A8313CAD1C39D7A50093A438 = {
						CreatedOnToolsVersion = 7.2;
						TestTargetID = A8313C8E1C39D7A40093A438;
					};
				};
			};
			buildConfigurationList = A8313C8A1C39D7A40093A438 /* Build configuration list for PBXProject "CsoundBasic2" */;
			compatibilityVersion = "Xcode 3.2";
			developmentRegion = English;
			hasScannedForEncodings = 0;
			knownRegions = (
				en,
				Base,
			);
			mainGroup = A8313C861C39D7A40093A438;
			productRefGroup = A8313C901C39D7A40093A438 /* Products */;
			projectDirPath = "";
			projectRoot = "";
			targets = (
				A8313C8E1C39D7A40093A438 /* CsoundBasic2 */,
				A8313CA21C39D7A50093A438 /* CsoundBasic2Tests */,
				A8313CAD1C39D7A50093A438 /* CsoundBasic2UITests */,
			);
		};
/* End PBXProject section */

/* Begin PBXResourcesBuildPhase section */
		A8313C8D1C39D7A40093A438 /* Resources */ = {
			isa = PBXResourcesBuildPhase;
			buildActionMask = 2147483647;
			files = (
				A89EFAEA1C969676000B9B15 /* piccolo.csd in Resources */,
				A8313C9D1C39D7A50093A438 /* LaunchScreen.storyboard in Resources */,
				A89EFADC1C967C2B000B9B15 /* horn.csd in Resources */,
				A89EFADE1C9680E8000B9B15 /* trumpet.csd in Resources */,
				A89EFAF01C969C7F000B9B15 /* cbassoon.csd in Resources */,
				A89EFAEC1C96996A000B9B15 /* bassoon.csd in Resources */,
				A89EFAE21C96867C000B9B15 /* tuba.csd in Resources */,
				A8026D8C1C9501EE00BC2337 /* oboe.csd in Resources */,
				A89EFAE81C969494000B9B15 /* flute-model.csd in Resources */,
				A8313CE91C39D8B00093A438 /* orcandsco.csd in Resources */,
				A8026D8E1C95029A00BC2337 /* flute.csd in Resources */,
				A8313C9A1C39D7A50093A438 /* Assets.xcassets in Resources */,
				A8313D1A1C39E2990093A438 /* csscript.csd in Resources */,
				A89EFADA1C9679CF000B9B15 /* sax.csd in Resources */,
				A89EFAEE1C969AD3000B9B15 /* bassclar.csd in Resources */,
				A8313C981C39D7A50093A438 /* Main.storyboard in Resources */,
				A89EFAE01C96851B000B9B15 /* trombone.csd in Resources */,
				A89EFAE41C968A6A000B9B15 /* clarinet.csd in Resources */,
				A89EFAE61C9691BE000B9B15 /* enghorn.csd in Resources */,
				A8313CEF1C39D8B00093A438 /* run-script.sh in Resources */,
			);
			runOnlyForDeploymentPostprocessing = 0;
		};
		A8313CA11C39D7A50093A438 /* Resources */ = {
			isa = PBXResourcesBuildPhase;
			buildActionMask = 2147483647;
			files = (
			);
			runOnlyForDeploymentPostprocessing = 0;
		};
		A8313CAC1C39D7A50093A438 /* Resources */ = {
			isa = PBXResourcesBuildPhase;
			buildActionMask = 2147483647;
			files = (
			);
			runOnlyForDeploymentPostprocessing = 0;
		};
/* End PBXResourcesBuildPhase section */

/* Begin PBXShellScriptBuildPhase section */
		A8313CF51C39D9D10093A438 /* Run Script */ = {
			isa = PBXShellScriptBuildPhase;
			buildActionMask = 2147483647;
			files = (
			);
			inputPaths = (
			);
			name = "Run Script";
			outputPaths = (
			);
			runOnlyForDeploymentPostprocessing = 0;
			shellPath = /bin/sh;
			shellScript = "CsoundBasic2/CsoundIos/run-script.sh\n";
		};
/* End PBXShellScriptBuildPhase section */

/* Begin PBXSourcesBuildPhase section */
		A8313C8B1C39D7A40093A438 /* Sources */ = {
			isa = PBXSourcesBuildPhase;
			buildActionMask = 2147483647;
			files = (
				A8313CEA1C39D8B00093A438 /* CsoundMIDI.m in Sources */,
				A8313CEB1C39D8B00093A438 /* CsoundObj.m in Sources */,
				A8313C951C39D7A40093A438 /* ViewController.swift in Sources */,
				A8313D141C39DF700093A438 /* BasicInstrument.swift in Sources */,
				A8313D171C39DF700093A438 /* PlainNote.swift in Sources */,
				A89EFAD61C9527A1000B9B15 /* MovingAverage.swift in Sources */,
				A89EFAD81C953271000B9B15 /* Interpolator.swift in Sources */,
				A8313D161C39DF700093A438 /* Instrument.swift in Sources */,
				A8313D181C39DF700093A438 /* Time.swift in Sources */,
				A8313C931C39D7A40093A438 /* AppDelegate.swift in Sources */,
				A8313D151C39DF700093A438 /* DictionaryExtensions.swift in Sources */,
			);
			runOnlyForDeploymentPostprocessing = 0;
		};
		A8313C9F1C39D7A50093A438 /* Sources */ = {
			isa = PBXSourcesBuildPhase;
			buildActionMask = 2147483647;
			files = (
				A8313CA81C39D7A50093A438 /* CsoundBasic2Tests.swift in Sources */,
			);
			runOnlyForDeploymentPostprocessing = 0;
		};
		A8313CAA1C39D7A50093A438 /* Sources */ = {
			isa = PBXSourcesBuildPhase;
			buildActionMask = 2147483647;
			files = (
				A8313CB31C39D7A50093A438 /* CsoundBasic2UITests.swift in Sources */,
			);
			runOnlyForDeploymentPostprocessing = 0;
		};
/* End PBXSourcesBuildPhase section */

/* Begin PBXTargetDependency section */
		A8313CA51C39D7A50093A438 /* PBXTargetDependency */ = {
			isa = PBXTargetDependency;
			target = A8313C8E1C39D7A40093A438 /* CsoundBasic2 */;
			targetProxy = A8313CA41C39D7A50093A438 /* PBXContainerItemProxy */;
		};
		A8313CB01C39D7A50093A438 /* PBXTargetDependency */ = {
			isa = PBXTargetDependency;
			target = A8313C8E1C39D7A40093A438 /* CsoundBasic2 */;
			targetProxy = A8313CAF1C39D7A50093A438 /* PBXContainerItemProxy */;
		};
/* End PBXTargetDependency section */

/* Begin PBXVariantGroup section */
		A8313C961C39D7A50093A438 /* Main.storyboard */ = {
			isa = PBXVariantGroup;
			children = (
				A8313C971C39D7A50093A438 /* Base */,
			);
			name = Main.storyboard;
			sourceTree = "<group>";
		};
		A8313C9B1C39D7A50093A438 /* LaunchScreen.storyboard */ = {
			isa = PBXVariantGroup;
			children = (
				A8313C9C1C39D7A50093A438 /* Base */,
			);
			name = LaunchScreen.storyboard;
			sourceTree = "<group>";
		};
/* End PBXVariantGroup section */

/* Begin XCBuildConfiguration section */
		A8313CB51C39D7A50093A438 /* Debug */ = {
			isa = XCBuildConfiguration;
			buildSettings = {
				ALWAYS_SEARCH_USER_PATHS = NO;
				CLANG_CXX_LANGUAGE_STANDARD = "gnu++0x";
				CLANG_CXX_LIBRARY = "libc++";
				CLANG_ENABLE_MODULES = YES;
				CLANG_ENABLE_OBJC_ARC = YES;
				CLANG_WARN_BOOL_CONVERSION = YES;
				CLANG_WARN_CONSTANT_CONVERSION = YES;
				CLANG_WARN_DIRECT_OBJC_ISA_USAGE = YES_ERROR;
				CLANG_WARN_EMPTY_BODY = YES;
				CLANG_WARN_ENUM_CONVERSION = YES;
				CLANG_WARN_INT_CONVERSION = YES;
				CLANG_WARN_OBJC_ROOT_CLASS = YES_ERROR;
				CLANG_WARN_UNREACHABLE_CODE = YES;
				CLANG_WARN__DUPLICATE_METHOD_MATCH = YES;
				"CODE_SIGN_IDENTITY[sdk=iphoneos*]" = "iPhone Developer";
				COPY_PHASE_STRIP = NO;
				DEBUG_INFORMATION_FORMAT = dwarf;
				ENABLE_STRICT_OBJC_MSGSEND = YES;
				ENABLE_TESTABILITY = YES;
				GCC_C_LANGUAGE_STANDARD = gnu99;
				GCC_DYNAMIC_NO_PIC = NO;
				GCC_NO_COMMON_BLOCKS = YES;
				GCC_OPTIMIZATION_LEVEL = 0;
				GCC_PREPROCESSOR_DEFINITIONS = (
					"DEBUG=1",
					"$(inherited)",
				);
				GCC_WARN_64_TO_32_BIT_CONVERSION = YES;
				GCC_WARN_ABOUT_RETURN_TYPE = YES_ERROR;
				GCC_WARN_UNDECLARED_SELECTOR = YES;
				GCC_WARN_UNINITIALIZED_AUTOS = YES_AGGRESSIVE;
				GCC_WARN_UNUSED_FUNCTION = YES;
				GCC_WARN_UNUSED_VARIABLE = YES;
				IPHONEOS_DEPLOYMENT_TARGET = 9.2;
				MTL_ENABLE_DEBUG_INFO = YES;
				ONLY_ACTIVE_ARCH = YES;
				SDKROOT = iphoneos;
				SWIFT_OPTIMIZATION_LEVEL = "-Onone";
				TARGETED_DEVICE_FAMILY = "1,2";
			};
			name = Debug;
		};
		A8313CB61C39D7A50093A438 /* Release */ = {
			isa = XCBuildConfiguration;
			buildSettings = {
				ALWAYS_SEARCH_USER_PATHS = NO;
				CLANG_CXX_LANGUAGE_STANDARD = "gnu++0x";
				CLANG_CXX_LIBRARY = "libc++";
				CLANG_ENABLE_MODULES = YES;
				CLANG_ENABLE_OBJC_ARC = YES;
				CLANG_WARN_BOOL_CONVERSION = YES;
				CLANG_WARN_CONSTANT_CONVERSION = YES;
				CLANG_WARN_DIRECT_OBJC_ISA_USAGE = YES_ERROR;
				CLANG_WARN_EMPTY_BODY = YES;
				CLANG_WARN_ENUM_CONVERSION = YES;
				CLANG_WARN_INT_CONVERSION = YES;
				CLANG_WARN_OBJC_ROOT_CLASS = YES_ERROR;
				CLANG_WARN_UNREACHABLE_CODE = YES;
				CLANG_WARN__DUPLICATE_METHOD_MATCH = YES;
				"CODE_SIGN_IDENTITY[sdk=iphoneos*]" = "iPhone Developer";
				COPY_PHASE_STRIP = NO;
				DEBUG_INFORMATION_FORMAT = "dwarf-with-dsym";
				ENABLE_NS_ASSERTIONS = NO;
				ENABLE_STRICT_OBJC_MSGSEND = YES;
				GCC_C_LANGUAGE_STANDARD = gnu99;
				GCC_NO_COMMON_BLOCKS = YES;
				GCC_WARN_64_TO_32_BIT_CONVERSION = YES;
				GCC_WARN_ABOUT_RETURN_TYPE = YES_ERROR;
				GCC_WARN_UNDECLARED_SELECTOR = YES;
				GCC_WARN_UNINITIALIZED_AUTOS = YES_AGGRESSIVE;
				GCC_WARN_UNUSED_FUNCTION = YES;
				GCC_WARN_UNUSED_VARIABLE = YES;
				IPHONEOS_DEPLOYMENT_TARGET = 9.2;
				MTL_ENABLE_DEBUG_INFO = NO;
				SDKROOT = iphoneos;
				"SWIFT_OBJC_BRIDGING_HEADER[arch=*]" = "";
				TARGETED_DEVICE_FAMILY = "1,2";
				VALIDATE_PRODUCT = YES;
			};
			name = Release;
		};
		A8313CB81C39D7A50093A438 /* Debug */ = {
			isa = XCBuildConfiguration;
			buildSettings = {
				ASSETCATALOG_COMPILER_APPICON_NAME = AppIcon;
				CODE_SIGN_IDENTITY = "iPhone Developer";
				"CODE_SIGN_IDENTITY[sdk=iphoneos*]" = "iPhone Developer";
				FRAMEWORK_SEARCH_PATHS = (
					"$(inherited)",
					"$(PROJECT_DIR)/CsoundBasic2/CsoundIos/lib",
				);
				INFOPLIST_FILE = CsoundBasic2/Info.plist;
				LD_RUNPATH_SEARCH_PATHS = "$(inherited) @executable_path/Frameworks";
				PRODUCT_BUNDLE_IDENTIFIER = com.asdeva.CsoundBasic2;
				PRODUCT_NAME = "$(TARGET_NAME)";
				PROVISIONING_PROFILE = "";
				"SWIFT_OBJC_BRIDGING_HEADER[arch=*]" = CsoundBasic2/CsoundIos/ObjcBridge.h;
				"USER_HEADER_SEARCH_PATHS[arch=*]" = "CsoundIos/**";
			};
			name = Debug;
		};
		A8313CB91C39D7A50093A438 /* Release */ = {
			isa = XCBuildConfiguration;
			buildSettings = {
				ASSETCATALOG_COMPILER_APPICON_NAME = AppIcon;
				CODE_SIGN_IDENTITY = "iPhone Developer";
				"CODE_SIGN_IDENTITY[sdk=iphoneos*]" = "iPhone Developer";
				FRAMEWORK_SEARCH_PATHS = (
					"$(inherited)",
					"$(PROJECT_DIR)/CsoundBasic2/CsoundIos/lib",
				);
				INFOPLIST_FILE = CsoundBasic2/Info.plist;
				LD_RUNPATH_SEARCH_PATHS = "$(inherited) @executable_path/Frameworks";
				PRODUCT_BUNDLE_IDENTIFIER = com.asdeva.CsoundBasic2;
				PRODUCT_NAME = "$(TARGET_NAME)";
				PROVISIONING_PROFILE = "";
				"SWIFT_OBJC_BRIDGING_HEADER[arch=*]" = CsoundBasic2/CsoundIos/ObjcBridge.h;
				USER_HEADER_SEARCH_PATHS = "CsoundIos/**";
			};
			name = Release;
		};
		A8313CBB1C39D7A50093A438 /* Debug */ = {
			isa = XCBuildConfiguration;
			buildSettings = {
				BUNDLE_LOADER = "$(TEST_HOST)";
				INFOPLIST_FILE = CsoundBasic2Tests/Info.plist;
				LD_RUNPATH_SEARCH_PATHS = "$(inherited) @executable_path/Frameworks @loader_path/Frameworks";
				PRODUCT_BUNDLE_IDENTIFIER = com.asdeva.CsoundBasic2Tests;
				PRODUCT_NAME = "$(TARGET_NAME)";
				TEST_HOST = "$(BUILT_PRODUCTS_DIR)/CsoundBasic2.app/CsoundBasic2";
			};
			name = Debug;
		};
		A8313CBC1C39D7A50093A438 /* Release */ = {
			isa = XCBuildConfiguration;
			buildSettings = {
				BUNDLE_LOADER = "$(TEST_HOST)";
				INFOPLIST_FILE = CsoundBasic2Tests/Info.plist;
				LD_RUNPATH_SEARCH_PATHS = "$(inherited) @executable_path/Frameworks @loader_path/Frameworks";
				PRODUCT_BUNDLE_IDENTIFIER = com.asdeva.CsoundBasic2Tests;
				PRODUCT_NAME = "$(TARGET_NAME)";
				TEST_HOST = "$(BUILT_PRODUCTS_DIR)/CsoundBasic2.app/CsoundBasic2";
			};
			name = Release;
		};
		A8313CBE1C39D7A50093A438 /* Debug */ = {
			isa = XCBuildConfiguration;
			buildSettings = {
				INFOPLIST_FILE = CsoundBasic2UITests/Info.plist;
				LD_RUNPATH_SEARCH_PATHS = "$(inherited) @executable_path/Frameworks @loader_path/Frameworks";
				PRODUCT_BUNDLE_IDENTIFIER = com.asdeva.CsoundBasic2UITests;
				PRODUCT_NAME = "$(TARGET_NAME)";
				TEST_TARGET_NAME = CsoundBasic2;
				USES_XCTRUNNER = YES;
			};
			name = Debug;
		};
		A8313CBF1C39D7A50093A438 /* Release */ = {
			isa = XCBuildConfiguration;
			buildSettings = {
				INFOPLIST_FILE = CsoundBasic2UITests/Info.plist;
				LD_RUNPATH_SEARCH_PATHS = "$(inherited) @executable_path/Frameworks @loader_path/Frameworks";
				PRODUCT_BUNDLE_IDENTIFIER = com.asdeva.CsoundBasic2UITests;
				PRODUCT_NAME = "$(TARGET_NAME)";
				TEST_TARGET_NAME = CsoundBasic2;
				USES_XCTRUNNER = YES;
			};
			name = Release;
		};
/* End XCBuildConfiguration section */

/* Begin XCConfigurationList section */
		A8313C8A1C39D7A40093A438 /* Build configuration list for PBXProject "CsoundBasic2" */ = {
			isa = XCConfigurationList;
			buildConfigurations = (
				A8313CB51C39D7A50093A438 /* Debug */,
				A8313CB61C39D7A50093A438 /* Release */,
			);
			defaultConfigurationIsVisible = 0;
			defaultConfigurationName = Release;
		};
		A8313CB71C39D7A50093A438 /* Build configuration list for PBXNativeTarget "CsoundBasic2" */ = {
			isa = XCConfigurationList;
			buildConfigurations = (
				A8313CB81C39D7A50093A438 /* Debug */,
				A8313CB91C39D7A50093A438 /* Release */,
			);
			defaultConfigurationIsVisible = 0;
			defaultConfigurationName = Release;
		};
		A8313CBA1C39D7A50093A438 /* Build configuration list for PBXNativeTarget "CsoundBasic2Tests" */ = {
			isa = XCConfigurationList;
			buildConfigurations = (
				A8313CBB1C39D7A50093A438 /* Debug */,
				A8313CBC1C39D7A50093A438 /* Release */,
			);
			defaultConfigurationIsVisible = 0;
			defaultConfigurationName = Release;
		};
		A8313CBD1C39D7A50093A438 /* Build configuration list for PBXNativeTarget "CsoundBasic2UITests" */ = {
			isa = XCConfigurationList;
			buildConfigurations = (
				A8313CBE1C39D7A50093A438 /* Debug */,
				A8313CBF1C39D7A50093A438 /* Release */,
			);
			defaultConfigurationIsVisible = 0;
			defaultConfigurationName = Release;
		};
/* End XCConfigurationList section */
	};
	rootObject = A8313C871C39D7A40093A438 /* Project object */;
}
